
Microsoft Visual Studio Solution File, Format Version 11.00
# Visual Studio 2010
Project("{FAE04EC0-301F-11D3-BF4B-00C04F79EFBC}") = "Shuttle.Core.Web", "Shuttle.Core.Web.csproj", "{C00DDF0A-A076-40D0-9EDC-85E05BDA3DC6}"
EndProject
Global
	GlobalSection(SolutionConfigurationPlatforms) = preSolution
		Debug|Any CPU = Debug|Any CPU
		Release|Any CPU = Release|Any CPU
	EndGlobalSection
	GlobalSection(ProjectConfigurationPlatforms) = postSolution
		{C00DDF0A-A076-40D0-9EDC-85E05BDA3DC6}.Debug|Any CPU.ActiveCfg = Debug|Any CPU
		{C00DDF0A-A076-40D0-9EDC-85E05BDA3DC6}.Debug|Any CPU.Build.0 = Debug|Any CPU
		{C00DDF0A-A076-40D0-9EDC-85E05BDA3DC6}.Release|Any CPU.ActiveCfg = Release|Any CPU
		{C00DDF0A-A076-40D0-9EDC-85E05BDA3DC6}.Release|Any CPU.Build.0 = Release|Any CPU
	EndGlobalSection
	GlobalSection(SolutionProperties) = preSolution
		HideSolutionNode = FALSE
	EndGlobalSection
EndGlobal
