Microsoft Visual Studio Solution File, Format Version 12.00
# Visual Studio 2012
Project("{FAE04EC0-301F-11D3-BF4B-00C04F79EFBC}") = "Shuttle.Core.Data", "Shuttle.Core.Data\Shuttle.Core.Data.csproj", "{3B7F096A-68DB-4D4B-A823-CB147A310837}"
EndProject
Project("{2150E333-8FDC-42A3-9474-1A3956D46DE8}") = "Framework", "Framework", "{6528AA77-599E-43F6-90A1-78A00B313DD5}"
EndProject
Project("{2150E333-8FDC-42A3-9474-1A3956D46DE8}") = "Test", "Test", "{35E85F10-44C5-484B-88A1-80C71F46C9D7}"
EndProject
Project("{FAE04EC0-301F-11D3-BF4B-00C04F79EFBC}") = "Test.All", "Test.Unit\Test.All.csproj", "{7D3E44D3-40C3-49E9-B42B-8143FF3D8090}"
EndProject
Project("{FAE04EC0-301F-11D3-BF4B-00C04F79EFBC}") = "Shuttle.Core.Infrastructure", "Shuttle.Core.Infrastructure\Shuttle.Core.Infrastructure.csproj", "{F7F8F139-30B0-4B71-AB09-1A3127DAC4BD}"
EndProject
Project("{FAE04EC0-301F-11D3-BF4B-00C04F79EFBC}") = "Shuttle.Core.SqlServer", "Shuttle.Core.SqlServer\Shuttle.Core.SqlServer.csproj", "{F26F73FA-2277-4FD7-B8B7-999820A65D45}"
EndProject
Project("{FAE04EC0-301F-11D3-BF4B-00C04F79EFBC}") = "Shuttle.Core.Infrastructure.Castle", "Shuttle.Core.Infrastructure.Castle\Shuttle.Core.Infrastructure.Castle.csproj", "{A6E99006-7CD7-4B99-9073-B8599015301B}"
EndProject
Project("{FAE04EC0-301F-11D3-BF4B-00C04F79EFBC}") = "Shuttle.Core.Infrastructure.Log4Net", "Shuttle.Core.Infrastructure.Log4Net\Shuttle.Core.Infrastructure.Log4Net.csproj", "{18F30F5C-8F8E-45F1-8934-E8E5FC2C5C7A}"
EndProject
Project("{FAE04EC0-301F-11D3-BF4B-00C04F79EFBC}") = "Shuttle.Core.Host", "Shuttle.Core.Host\Shuttle.Core.Host.csproj", "{677E29ED-2682-4A8D-8CB9-F02627F457A2}"
EndProject
Project("{FAE04EC0-301F-11D3-BF4B-00C04F79EFBC}") = "Shuttle.Core.Validation", "Shuttle.Core.Validation\Shuttle.Core.Validation.csproj", "{BAE5D254-44A0-499C-8759-0157CDC8CB7D}"
EndProject
Project("{FAE04EC0-301F-11D3-BF4B-00C04F79EFBC}") = "Shuttle.Core.Domain", "Shuttle.Core.Domain\Shuttle.Core.Domain.csproj", "{3EF67763-745B-48A2-855D-F87B0B40C0DD}"
EndProject
Project("{FAE04EC0-301F-11D3-BF4B-00C04F79EFBC}") = "Shuttle.Core.Web", "Shuttle.Core.Web\Shuttle.Core.Web.csproj", "{C00DDF0A-A076-40D0-9EDC-85E05BDA3DC6}"
EndProject
Project("{FAE04EC0-301F-11D3-BF4B-00C04F79EFBC}") = "Shuttle.Core.Data.Castle", "Shuttle.Core.Data.Castle\Shuttle.Core.Data.Castle.csproj", "{453B596D-7C36-40B1-8A8C-F00BC2BBE046}"
EndProject
Project("{2150E333-8FDC-42A3-9474-1A3956D46DE8}") = "Castle", "Castle", "{EE9780C4-24BE-4348-BC77-8888E726F3DD}"
EndProject
Project("{2150E333-8FDC-42A3-9474-1A3956D46DE8}") = "Third-Party", "Third-Party", "{33CF6654-B15E-484D-9A7F-38E876BECEF1}"
EndProject
Project("{2150E333-8FDC-42A3-9474-1A3956D46DE8}") = "Log4Net", "Log4Net", "{F924DB43-0004-4098-9C14-25157BC212AE}"
EndProject
Project("{FAE04EC0-301F-11D3-BF4B-00C04F79EFBC}") = "Shuttle.Core.Domain.Castle", "Shuttle.Core.Domain.Castle\Shuttle.Core.Domain.Castle.csproj", "{95E73F65-C6EE-40CA-95E2-A9B361DD5724}"
EndProject
Global
	GlobalSection(SolutionConfigurationPlatforms) = preSolution
		Debug|Any CPU = Debug|Any CPU
		Release|Any CPU = Release|Any CPU
	EndGlobalSection
	GlobalSection(ProjectConfigurationPlatforms) = postSolution
		{3B7F096A-68DB-4D4B-A823-CB147A310837}.Debug|Any CPU.ActiveCfg = Debug|Any CPU
		{3B7F096A-68DB-4D4B-A823-CB147A310837}.Debug|Any CPU.Build.0 = Debug|Any CPU
		{3B7F096A-68DB-4D4B-A823-CB147A310837}.Release|Any CPU.ActiveCfg = Release|Any CPU
		{3B7F096A-68DB-4D4B-A823-CB147A310837}.Release|Any CPU.Build.0 = Release|Any CPU
		{7D3E44D3-40C3-49E9-B42B-8143FF3D8090}.Debug|Any CPU.ActiveCfg = Debug|Any CPU
		{7D3E44D3-40C3-49E9-B42B-8143FF3D8090}.Debug|Any CPU.Build.0 = Debug|Any CPU
		{7D3E44D3-40C3-49E9-B42B-8143FF3D8090}.Release|Any CPU.ActiveCfg = Release|Any CPU
		{7D3E44D3-40C3-49E9-B42B-8143FF3D8090}.Release|Any CPU.Build.0 = Release|Any CPU
		{F7F8F139-30B0-4B71-AB09-1A3127DAC4BD}.Debug|Any CPU.ActiveCfg = Debug|Any CPU
		{F7F8F139-30B0-4B71-AB09-1A3127DAC4BD}.Debug|Any CPU.Build.0 = Debug|Any CPU
		{F7F8F139-30B0-4B71-AB09-1A3127DAC4BD}.Release|Any CPU.ActiveCfg = Release|Any CPU
		{F7F8F139-30B0-4B71-AB09-1A3127DAC4BD}.Release|Any CPU.Build.0 = Release|Any CPU
		{F26F73FA-2277-4FD7-B8B7-999820A65D45}.Debug|Any CPU.ActiveCfg = Debug|Any CPU
		{F26F73FA-2277-4FD7-B8B7-999820A65D45}.Debug|Any CPU.Build.0 = Debug|Any CPU
		{F26F73FA-2277-4FD7-B8B7-999820A65D45}.Release|Any CPU.ActiveCfg = Release|Any CPU
		{F26F73FA-2277-4FD7-B8B7-999820A65D45}.Release|Any CPU.Build.0 = Release|Any CPU
		{A6E99006-7CD7-4B99-9073-B8599015301B}.Debug|Any CPU.ActiveCfg = Debug|Any CPU
		{A6E99006-7CD7-4B99-9073-B8599015301B}.Debug|Any CPU.Build.0 = Debug|Any CPU
		{A6E99006-7CD7-4B99-9073-B8599015301B}.Release|Any CPU.ActiveCfg = Release|Any CPU
		{A6E99006-7CD7-4B99-9073-B8599015301B}.Release|Any CPU.Build.0 = Release|Any CPU
		{18F30F5C-8F8E-45F1-8934-E8E5FC2C5C7A}.Debug|Any CPU.ActiveCfg = Debug|Any CPU
		{18F30F5C-8F8E-45F1-8934-E8E5FC2C5C7A}.Debug|Any CPU.Build.0 = Debug|Any CPU
		{18F30F5C-8F8E-45F1-8934-E8E5FC2C5C7A}.Release|Any CPU.ActiveCfg = Release|Any CPU
		{18F30F5C-8F8E-45F1-8934-E8E5FC2C5C7A}.Release|Any CPU.Build.0 = Release|Any CPU
		{677E29ED-2682-4A8D-8CB9-F02627F457A2}.Debug|Any CPU.ActiveCfg = Debug|Any CPU
		{677E29ED-2682-4A8D-8CB9-F02627F457A2}.Debug|Any CPU.Build.0 = Debug|Any CPU
		{677E29ED-2682-4A8D-8CB9-F02627F457A2}.Release|Any CPU.ActiveCfg = Release|Any CPU
		{677E29ED-2682-4A8D-8CB9-F02627F457A2}.Release|Any CPU.Build.0 = Release|Any CPU
		{BAE5D254-44A0-499C-8759-0157CDC8CB7D}.Debug|Any CPU.ActiveCfg = Debug|Any CPU
		{BAE5D254-44A0-499C-8759-0157CDC8CB7D}.Debug|Any CPU.Build.0 = Debug|Any CPU
		{BAE5D254-44A0-499C-8759-0157CDC8CB7D}.Release|Any CPU.ActiveCfg = Release|Any CPU
		{BAE5D254-44A0-499C-8759-0157CDC8CB7D}.Release|Any CPU.Build.0 = Release|Any CPU
		{3EF67763-745B-48A2-855D-F87B0B40C0DD}.Debug|Any CPU.ActiveCfg = Debug|Any CPU
		{3EF67763-745B-48A2-855D-F87B0B40C0DD}.Debug|Any CPU.Build.0 = Debug|Any CPU
		{3EF67763-745B-48A2-855D-F87B0B40C0DD}.Release|Any CPU.ActiveCfg = Release|Any CPU
		{3EF67763-745B-48A2-855D-F87B0B40C0DD}.Release|Any CPU.Build.0 = Release|Any CPU
		{C00DDF0A-A076-40D0-9EDC-85E05BDA3DC6}.Debug|Any CPU.ActiveCfg = Debug|Any CPU
		{C00DDF0A-A076-40D0-9EDC-85E05BDA3DC6}.Debug|Any CPU.Build.0 = Debug|Any CPU
		{C00DDF0A-A076-40D0-9EDC-85E05BDA3DC6}.Release|Any CPU.ActiveCfg = Release|Any CPU
		{C00DDF0A-A076-40D0-9EDC-85E05BDA3DC6}.Release|Any CPU.Build.0 = Release|Any CPU
		{453B596D-7C36-40B1-8A8C-F00BC2BBE046}.Debug|Any CPU.ActiveCfg = Debug|Any CPU
		{453B596D-7C36-40B1-8A8C-F00BC2BBE046}.Debug|Any CPU.Build.0 = Debug|Any CPU
		{453B596D-7C36-40B1-8A8C-F00BC2BBE046}.Release|Any CPU.ActiveCfg = Release|Any CPU
		{453B596D-7C36-40B1-8A8C-F00BC2BBE046}.Release|Any CPU.Build.0 = Release|Any CPU
		{95E73F65-C6EE-40CA-95E2-A9B361DD5724}.Debug|Any CPU.ActiveCfg = Debug|Any CPU
		{95E73F65-C6EE-40CA-95E2-A9B361DD5724}.Debug|Any CPU.Build.0 = Debug|Any CPU
		{95E73F65-C6EE-40CA-95E2-A9B361DD5724}.Release|Any CPU.ActiveCfg = Release|Any CPU
		{95E73F65-C6EE-40CA-95E2-A9B361DD5724}.Release|Any CPU.Build.0 = Release|Any CPU
	EndGlobalSection
	GlobalSection(SolutionProperties) = preSolution
		HideSolutionNode = FALSE
	EndGlobalSection
	GlobalSection(NestedProjects) = preSolution
		{3B7F096A-68DB-4D4B-A823-CB147A310837} = {6528AA77-599E-43F6-90A1-78A00B313DD5}
		{F7F8F139-30B0-4B71-AB09-1A3127DAC4BD} = {6528AA77-599E-43F6-90A1-78A00B313DD5}
		{F26F73FA-2277-4FD7-B8B7-999820A65D45} = {6528AA77-599E-43F6-90A1-78A00B313DD5}
		{677E29ED-2682-4A8D-8CB9-F02627F457A2} = {6528AA77-599E-43F6-90A1-78A00B313DD5}
		{BAE5D254-44A0-499C-8759-0157CDC8CB7D} = {6528AA77-599E-43F6-90A1-78A00B313DD5}
		{3EF67763-745B-48A2-855D-F87B0B40C0DD} = {6528AA77-599E-43F6-90A1-78A00B313DD5}
		{C00DDF0A-A076-40D0-9EDC-85E05BDA3DC6} = {6528AA77-599E-43F6-90A1-78A00B313DD5}
		{7D3E44D3-40C3-49E9-B42B-8143FF3D8090} = {35E85F10-44C5-484B-88A1-80C71F46C9D7}
		{F924DB43-0004-4098-9C14-25157BC212AE} = {33CF6654-B15E-484D-9A7F-38E876BECEF1}
		{EE9780C4-24BE-4348-BC77-8888E726F3DD} = {33CF6654-B15E-484D-9A7F-38E876BECEF1}
		{18F30F5C-8F8E-45F1-8934-E8E5FC2C5C7A} = {F924DB43-0004-4098-9C14-25157BC212AE}
		{453B596D-7C36-40B1-8A8C-F00BC2BBE046} = {EE9780C4-24BE-4348-BC77-8888E726F3DD}
		{A6E99006-7CD7-4B99-9073-B8599015301B} = {EE9780C4-24BE-4348-BC77-8888E726F3DD}
		{95E73F65-C6EE-40CA-95E2-A9B361DD5724} = {EE9780C4-24BE-4348-BC77-8888E726F3DD}
	EndGlobalSection
EndGlobal
